
Microsoft Visual Studio Solution File, Format Version 12.00
# Visual Studio 14
VisualStudioVersion = 14.0.24720.0
MinimumVisualStudioVersion = 10.0.40219.1
Project("{2150E333-8FDC-42A3-9474-1A3956D46DE8}") = "Libraries", "Libraries", "{35F31874-6217-437D-9209-9FC783136E32}"
EndProject
Project("{8BC9CEB8-8B4A-11D0-8D11-00A0C91BC942}") = "VrLib", "Libraries\VrLib\VrLib.vcxproj", "{C1C8BD19-EF70-44E0-A9B4-E11BAC4FB858}"
EndProject
Project("{2150E333-8FDC-42A3-9474-1A3956D46DE8}") = "Applications", "Applications", "{3F01A017-F950-4285-9925-EAE9A90054F4}"
EndProject
Project("{8BC9CEB8-8B4A-11D0-8D11-00A0C91BC942}") = "VrDemos", "Applications\VrDemos\VrDemos.vcxproj", "{86C77F38-FE5D-4DAA-ABC5-B157AD41C3CD}"
	ProjectSection(ProjectDependencies) = postProject
		{C1C8BD19-EF70-44E0-A9B4-E11BAC4FB858} = {C1C8BD19-EF70-44E0-A9B4-E11BAC4FB858}
	EndProjectSection
EndProject
Project("{8BC9CEB8-8B4A-11D0-8D11-00A0C91BC942}") = "BulletPhysics", "Libraries\BulletPhysics\BulletPhysics.vcxproj", "{CA560089-F243-4A8D-9371-DDC350F0AA54}"
EndProject
Project("{8BC9CEB8-8B4A-11D0-8D11-00A0C91BC942}") = "CrimeSceneV4", "Applications\crimescene\CrimeSceneV4.vcxproj", "{E30347A0-74F4-4939-936E-F465C8470C4E}"
	ProjectSection(ProjectDependencies) = postProject
		{C1C8BD19-EF70-44E0-A9B4-E11BAC4FB858} = {C1C8BD19-EF70-44E0-A9B4-E11BAC4FB858}
		{CA560089-F243-4A8D-9371-DDC350F0AA54} = {CA560089-F243-4A8D-9371-DDC350F0AA54}
	EndProjectSection
EndProject
Project("{8BC9CEB8-8B4A-11D0-8D11-00A0C91BC942}") = "VirtueelPD", "Applications\virtueelpd\VirtueelPD.vcxproj", "{20F4C5F8-5FAB-4F18-AC71-51F8C0B49328}"
	ProjectSection(ProjectDependencies) = postProject
		{C1C8BD19-EF70-44E0-A9B4-E11BAC4FB858} = {C1C8BD19-EF70-44E0-A9B4-E11BAC4FB858}
		{CA560089-F243-4A8D-9371-DDC350F0AA54} = {CA560089-F243-4A8D-9371-DDC350F0AA54}
	EndProjectSection
EndProject
Project("{2150E333-8FDC-42A3-9474-1A3956D46DE8}") = "Services", "Services", "{42FCCA53-AC8C-42CC-BF55-A3BFA5F06531}"
EndProject
Project("{9092AA53-FB77-4645-B42D-1CCCA6BD08BD}") = "VrServer", "Services\VrServer\VrServer.njsproj", "{A8FBD58E-1CB6-42BD-AAD8-43584034B9D6}"
EndProject
Project("{8BC9CEB8-8B4A-11D0-8D11-00A0C91BC942}") = "VirtueelPDEdit", "Applications\VirtueelPdEdit\VirtueelPdEdit.vcxproj", "{77FC0951-974F-4967-B473-DD47405EB406}"
	ProjectSection(ProjectDependencies) = postProject
		{C1C8BD19-EF70-44E0-A9B4-E11BAC4FB858} = {C1C8BD19-EF70-44E0-A9B4-E11BAC4FB858}
		{20F4C5F8-5FAB-4F18-AC71-51F8C0B49328} = {20F4C5F8-5FAB-4F18-AC71-51F8C0B49328}
	EndProjectSection
EndProject
Project("{8BC9CEB8-8B4A-11D0-8D11-00A0C91BC942}") = "cellstroll-vr", "Applications\cellstroll\cellstroll-vr.vcxproj", "{32936C6A-CE8B-4BFE-AAA0-F001E71124F9}"
	ProjectSection(ProjectDependencies) = postProject
		{C1C8BD19-EF70-44E0-A9B4-E11BAC4FB858} = {C1C8BD19-EF70-44E0-A9B4-E11BAC4FB858}
	EndProjectSection
EndProject
Project("{8BC9CEB8-8B4A-11D0-8D11-00A0C91BC942}") = "HelloWorld", "Applications\HelloWorld\HelloWorld.vcxproj", "{ECBEA353-1A79-4826-8878-37774AADFC28}"
	ProjectSection(ProjectDependencies) = postProject
		{C1C8BD19-EF70-44E0-A9B4-E11BAC4FB858} = {C1C8BD19-EF70-44E0-A9B4-E11BAC4FB858}
	EndProjectSection
EndProject
Project("{8BC9CEB8-8B4A-11D0-8D11-00A0C91BC942}") = "CaveCraft", "Applications\CaveCraft\CaveCraft.vcxproj", "{91F5E20B-45D3-4A00-8C3B-6640CD4E0C01}"
	ProjectSection(ProjectDependencies) = postProject
		{C1C8BD19-EF70-44E0-A9B4-E11BAC4FB858} = {C1C8BD19-EF70-44E0-A9B4-E11BAC4FB858}
	EndProjectSection
EndProject
Project("{8BC9CEB8-8B4A-11D0-8D11-00A0C91BC942}") = "CaveQuake", "Applications\CaveQuake\cq3a.vcxproj", "{3A6D6DC6-1D1B-49A0-B8F8-91B6BB601B82}"
EndProject
Global
	GlobalSection(SolutionConfigurationPlatforms) = preSolution
		Debug|Win32 = Debug|Win32
		Release|Win32 = Release|Win32
	EndGlobalSection
	GlobalSection(ProjectConfigurationPlatforms) = postSolution
		{C1C8BD19-EF70-44E0-A9B4-E11BAC4FB858}.Debug|Win32.ActiveCfg = Debug|Win32
		{C1C8BD19-EF70-44E0-A9B4-E11BAC4FB858}.Debug|Win32.Build.0 = Debug|Win32
		{C1C8BD19-EF70-44E0-A9B4-E11BAC4FB858}.Release|Win32.ActiveCfg = Release|Win32
		{C1C8BD19-EF70-44E0-A9B4-E11BAC4FB858}.Release|Win32.Build.0 = Release|Win32
		{86C77F38-FE5D-4DAA-ABC5-B157AD41C3CD}.Debug|Win32.ActiveCfg = Debug|Win32
		{86C77F38-FE5D-4DAA-ABC5-B157AD41C3CD}.Debug|Win32.Build.0 = Debug|Win32
		{86C77F38-FE5D-4DAA-ABC5-B157AD41C3CD}.Release|Win32.ActiveCfg = Release|Win32
		{86C77F38-FE5D-4DAA-ABC5-B157AD41C3CD}.Release|Win32.Build.0 = Release|Win32
		{CA560089-F243-4A8D-9371-DDC350F0AA54}.Debug|Win32.ActiveCfg = Debug|Win32
		{CA560089-F243-4A8D-9371-DDC350F0AA54}.Debug|Win32.Build.0 = Debug|Win32
		{CA560089-F243-4A8D-9371-DDC350F0AA54}.Release|Win32.ActiveCfg = Release|Win32
		{CA560089-F243-4A8D-9371-DDC350F0AA54}.Release|Win32.Build.0 = Release|Win32
		{E30347A0-74F4-4939-936E-F465C8470C4E}.Debug|Win32.ActiveCfg = Debug|Win32
		{E30347A0-74F4-4939-936E-F465C8470C4E}.Debug|Win32.Build.0 = Debug|Win32
		{E30347A0-74F4-4939-936E-F465C8470C4E}.Release|Win32.ActiveCfg = Release|Win32
		{E30347A0-74F4-4939-936E-F465C8470C4E}.Release|Win32.Build.0 = Release|Win32
		{20F4C5F8-5FAB-4F18-AC71-51F8C0B49328}.Debug|Win32.ActiveCfg = Debug|Win32
		{20F4C5F8-5FAB-4F18-AC71-51F8C0B49328}.Debug|Win32.Build.0 = Debug|Win32
		{20F4C5F8-5FAB-4F18-AC71-51F8C0B49328}.Release|Win32.ActiveCfg = Release|Win32
		{20F4C5F8-5FAB-4F18-AC71-51F8C0B49328}.Release|Win32.Build.0 = Release|Win32
		{A8FBD58E-1CB6-42BD-AAD8-43584034B9D6}.Debug|Win32.ActiveCfg = Debug|Any CPU
		{A8FBD58E-1CB6-42BD-AAD8-43584034B9D6}.Debug|Win32.Build.0 = Debug|Any CPU
		{A8FBD58E-1CB6-42BD-AAD8-43584034B9D6}.Release|Win32.ActiveCfg = Release|Any CPU
		{A8FBD58E-1CB6-42BD-AAD8-43584034B9D6}.Release|Win32.Build.0 = Release|Any CPU
		{77FC0951-974F-4967-B473-DD47405EB406}.Debug|Win32.ActiveCfg = Debug|Win32
		{77FC0951-974F-4967-B473-DD47405EB406}.Debug|Win32.Build.0 = Debug|Win32
		{77FC0951-974F-4967-B473-DD47405EB406}.Release|Win32.ActiveCfg = Release|Win32
		{77FC0951-974F-4967-B473-DD47405EB406}.Release|Win32.Build.0 = Release|Win32
		{32936C6A-CE8B-4BFE-AAA0-F001E71124F9}.Debug|Win32.ActiveCfg = Debug|Win32
		{32936C6A-CE8B-4BFE-AAA0-F001E71124F9}.Debug|Win32.Build.0 = Debug|Win32
		{32936C6A-CE8B-4BFE-AAA0-F001E71124F9}.Release|Win32.ActiveCfg = Release|Win32
		{32936C6A-CE8B-4BFE-AAA0-F001E71124F9}.Release|Win32.Build.0 = Release|Win32
		{ECBEA353-1A79-4826-8878-37774AADFC28}.Debug|Win32.ActiveCfg = Debug|Win32
		{ECBEA353-1A79-4826-8878-37774AADFC28}.Debug|Win32.Build.0 = Debug|Win32
		{ECBEA353-1A79-4826-8878-37774AADFC28}.Release|Win32.ActiveCfg = Release|Win32
		{ECBEA353-1A79-4826-8878-37774AADFC28}.Release|Win32.Build.0 = Release|Win32
		{91F5E20B-45D3-4A00-8C3B-6640CD4E0C01}.Debug|Win32.ActiveCfg = Debug|Win32
		{91F5E20B-45D3-4A00-8C3B-6640CD4E0C01}.Debug|Win32.Build.0 = Debug|Win32
		{91F5E20B-45D3-4A00-8C3B-6640CD4E0C01}.Release|Win32.ActiveCfg = Release|Win32
		{91F5E20B-45D3-4A00-8C3B-6640CD4E0C01}.Release|Win32.Build.0 = Release|Win32
		{3A6D6DC6-1D1B-49A0-B8F8-91B6BB601B82}.Debug|Win32.ActiveCfg = Debug|Win32
		{3A6D6DC6-1D1B-49A0-B8F8-91B6BB601B82}.Debug|Win32.Build.0 = Debug|Win32
		{3A6D6DC6-1D1B-49A0-B8F8-91B6BB601B82}.Release|Win32.ActiveCfg = Release|Win32
		{3A6D6DC6-1D1B-49A0-B8F8-91B6BB601B82}.Release|Win32.Build.0 = Release|Win32
	EndGlobalSection
	GlobalSection(SolutionProperties) = preSolution
		HideSolutionNode = FALSE
	EndGlobalSection
	GlobalSection(NestedProjects) = preSolution
		{C1C8BD19-EF70-44E0-A9B4-E11BAC4FB858} = {35F31874-6217-437D-9209-9FC783136E32}
		{86C77F38-FE5D-4DAA-ABC5-B157AD41C3CD} = {3F01A017-F950-4285-9925-EAE9A90054F4}
		{CA560089-F243-4A8D-9371-DDC350F0AA54} = {35F31874-6217-437D-9209-9FC783136E32}
		{E30347A0-74F4-4939-936E-F465C8470C4E} = {3F01A017-F950-4285-9925-EAE9A90054F4}
		{20F4C5F8-5FAB-4F18-AC71-51F8C0B49328} = {3F01A017-F950-4285-9925-EAE9A90054F4}
		{A8FBD58E-1CB6-42BD-AAD8-43584034B9D6} = {42FCCA53-AC8C-42CC-BF55-A3BFA5F06531}
		{77FC0951-974F-4967-B473-DD47405EB406} = {3F01A017-F950-4285-9925-EAE9A90054F4}
		{32936C6A-CE8B-4BFE-AAA0-F001E71124F9} = {3F01A017-F950-4285-9925-EAE9A90054F4}
		{ECBEA353-1A79-4826-8878-37774AADFC28} = {3F01A017-F950-4285-9925-EAE9A90054F4}
		{91F5E20B-45D3-4A00-8C3B-6640CD4E0C01} = {3F01A017-F950-4285-9925-EAE9A90054F4}
		{3A6D6DC6-1D1B-49A0-B8F8-91B6BB601B82} = {3F01A017-F950-4285-9925-EAE9A90054F4}
	EndGlobalSection
EndGlobal
