
Microsoft Visual Studio Solution File, Format Version 12.00
# Visual Studio 14
VisualStudioVersion = 14.0.24720.0
MinimumVisualStudioVersion = 10.0.40219.1
Project("{2150E333-8FDC-42A3-9474-1A3956D46DE8}") = "Libraries", "Libraries", "{35F31874-6217-437D-9209-9FC783136E32}"
EndProject
Project("{8BC9CEB8-8B4A-11D0-8D11-00A0C91BC942}") = "VrLib", "Libraries\VrLib\VrLib.vcxproj", "{C1C8BD19-EF70-44E0-A9B4-E11BAC4FB858}"
EndProject
Project("{2150E333-8FDC-42A3-9474-1A3956D46DE8}") = "Applications", "Applications", "{3F01A017-F950-4285-9925-EAE9A90054F4}"
EndProject
Project("{8BC9CEB8-8B4A-11D0-8D11-00A0C91BC942}") = "VrDemos", "Applications\VrDemos\VrDemos.vcxproj", "{86C77F38-FE5D-4DAA-ABC5-B157AD41C3CD}"
	ProjectSection(ProjectDependencies) = postProject
		{C1C8BD19-EF70-44E0-A9B4-E11BAC4FB858} = {C1C8BD19-EF70-44E0-A9B4-E11BAC4FB858}
	EndProjectSection
EndProject
Project("{8BC9CEB8-8B4A-11D0-8D11-00A0C91BC942}") = "BulletPhysics", "Libraries\BulletPhysics\BulletPhysics.vcxproj", "{CA560089-F243-4A8D-9371-DDC350F0AA54}"
EndProject
Project("{8BC9CEB8-8B4A-11D0-8D11-00A0C91BC942}") = "VirtueelPD", "Applications\virtueelpd\VirtueelPD.vcxproj", "{20F4C5F8-5FAB-4F18-AC71-51F8C0B49328}"
	ProjectSection(ProjectDependencies) = postProject
		{C1C8BD19-EF70-44E0-A9B4-E11BAC4FB858} = {C1C8BD19-EF70-44E0-A9B4-E11BAC4FB858}
		{CA560089-F243-4A8D-9371-DDC350F0AA54} = {CA560089-F243-4A8D-9371-DDC350F0AA54}
	EndProjectSection
EndProject
Project("{2150E333-8FDC-42A3-9474-1A3956D46DE8}") = "Services", "Services", "{42FCCA53-AC8C-42CC-BF55-A3BFA5F06531}"
EndProject
Project("{9092AA53-FB77-4645-B42D-1CCCA6BD08BD}") = "VrServer", "Services\VrServer\VrServer.njsproj", "{A8FBD58E-1CB6-42BD-AAD8-43584034B9D6}"
EndProject
Project("{8BC9CEB8-8B4A-11D0-8D11-00A0C91BC942}") = "VirtueelPDEdit", "Applications\VirtueelPdEdit\VirtueelPdEdit.vcxproj", "{77FC0951-974F-4967-B473-DD47405EB406}"
	ProjectSection(ProjectDependencies) = postProject
		{C1C8BD19-EF70-44E0-A9B4-E11BAC4FB858} = {C1C8BD19-EF70-44E0-A9B4-E11BAC4FB858}
		{20F4C5F8-5FAB-4F18-AC71-51F8C0B49328} = {20F4C5F8-5FAB-4F18-AC71-51F8C0B49328}
	EndProjectSection
EndProject
Project("{8BC9CEB8-8B4A-11D0-8D11-00A0C91BC942}") = "cellstroll-vr", "Applications\cellstroll\cellstroll-vr.vcxproj", "{32936C6A-CE8B-4BFE-AAA0-F001E71124F9}"
	ProjectSection(ProjectDependencies) = postProject
		{C1C8BD19-EF70-44E0-A9B4-E11BAC4FB858} = {C1C8BD19-EF70-44E0-A9B4-E11BAC4FB858}
	EndProjectSection
EndProject
Project("{8BC9CEB8-8B4A-11D0-8D11-00A0C91BC942}") = "CaveCraft", "Applications\CaveCraft\CaveCraft.vcxproj", "{91F5E20B-45D3-4A00-8C3B-6640CD4E0C01}"
	ProjectSection(ProjectDependencies) = postProject
		{C1C8BD19-EF70-44E0-A9B4-E11BAC4FB858} = {C1C8BD19-EF70-44E0-A9B4-E11BAC4FB858}
	EndProjectSection
EndProject
Project("{8BC9CEB8-8B4A-11D0-8D11-00A0C91BC942}") = "CaveQuake", "Applications\CaveQuake\cq3a.vcxproj", "{3A6D6DC6-1D1B-49A0-B8F8-91B6BB601B82}"
	ProjectSection(ProjectDependencies) = postProject
		{C1C8BD19-EF70-44E0-A9B4-E11BAC4FB858} = {C1C8BD19-EF70-44E0-A9B4-E11BAC4FB858}
	EndProjectSection
EndProject
Project("{FAE04EC0-301F-11D3-BF4B-00C04F79EFBC}") = "CaveStarter.net", "Applications\CaveStarter.net\CaveStarter.net.csproj", "{14FF4B77-34B2-46E2-BC60-17109950AA99}"
EndProject
Project("{FAE04EC0-301F-11D3-BF4B-00C04F79EFBC}") = "CaveStarterControl.net", "Applications\CaveStarterControl.net\CaveStarterControl.net.csproj", "{AD426918-927F-427D-B618-02CF5BD4A200}"
EndProject
Project("{2150E333-8FDC-42A3-9474-1A3956D46DE8}") = "Tutorials", "Tutorials", "{C063ECFE-700A-4E5D-90CF-E138D4DE6084}"
EndProject
Project("{8BC9CEB8-8B4A-11D0-8D11-00A0C91BC942}") = "HelloWorld", "Applications\Tutorials\HelloWorld\HelloWorld.vcxproj", "{ECBEA353-1A79-4826-8878-37774AADFC28}"
	ProjectSection(ProjectDependencies) = postProject
		{C1C8BD19-EF70-44E0-A9B4-E11BAC4FB858} = {C1C8BD19-EF70-44E0-A9B4-E11BAC4FB858}
	EndProjectSection
EndProject
Project("{8BC9CEB8-8B4A-11D0-8D11-00A0C91BC942}") = "PhysicsDemo", "Applications\Tutorials\PhysicsDemo\PhysicsDemo.vcxproj", "{4AAB0880-CA2F-4070-9173-4BCC911C343C}"
	ProjectSection(ProjectDependencies) = postProject
		{86C77F38-FE5D-4DAA-ABC5-B157AD41C3CD} = {86C77F38-FE5D-4DAA-ABC5-B157AD41C3CD}
		{CA560089-F243-4A8D-9371-DDC350F0AA54} = {CA560089-F243-4A8D-9371-DDC350F0AA54}
	EndProjectSection
EndProject
Project("{8BC9CEB8-8B4A-11D0-8D11-00A0C91BC942}") = "RenderWithShader", "Applications\Tutorials\RenderWithShader\RenderWithShader.vcxproj", "{E5A3CAFD-3419-4FC8-A27E-D97B572AC1D5}"
	ProjectSection(ProjectDependencies) = postProject
		{C1C8BD19-EF70-44E0-A9B4-E11BAC4FB858} = {C1C8BD19-EF70-44E0-A9B4-E11BAC4FB858}
	EndProjectSection
EndProject
Project("{8BC9CEB8-8B4A-11D0-8D11-00A0C91BC942}") = "RenderModel", "Applications\Tutorials\RenderModel\RenderModel.vcxproj", "{2EB65B23-5917-4A19-9E4D-0B3AD318008E}"
	ProjectSection(ProjectDependencies) = postProject
		{C1C8BD19-EF70-44E0-A9B4-E11BAC4FB858} = {C1C8BD19-EF70-44E0-A9B4-E11BAC4FB858}
	EndProjectSection
EndProject
Project("{8BC9CEB8-8B4A-11D0-8D11-00A0C91BC942}") = "ShadowMap", "Applications\Tutorials\ShadowMap\ShadowMap.vcxproj", "{230E6E91-8228-4496-BA3B-4DFFDA4B4410}"
	ProjectSection(ProjectDependencies) = postProject
		{86C77F38-FE5D-4DAA-ABC5-B157AD41C3CD} = {86C77F38-FE5D-4DAA-ABC5-B157AD41C3CD}
	EndProjectSection
EndProject
Project("{8BC9CEB8-8B4A-11D0-8D11-00A0C91BC942}") = "AnimatedModel", "Applications\Tutorials\AnimatedModel\AnimatedModel.vcxproj", "{849272FD-1296-4758-8EF5-B3EF7E440BB5}"
	ProjectSection(ProjectDependencies) = postProject
		{C1C8BD19-EF70-44E0-A9B4-E11BAC4FB858} = {C1C8BD19-EF70-44E0-A9B4-E11BAC4FB858}
	EndProjectSection
EndProject
Project("{8BC9CEB8-8B4A-11D0-8D11-00A0C91BC942}") = "ViveDemo", "Applications\Tutorials\ViveDemo\ViveDemo.vcxproj", "{3CEB042E-11ED-42A0-BCBA-56CDA3FD2756}"
	ProjectSection(ProjectDependencies) = postProject
		{C1C8BD19-EF70-44E0-A9B4-E11BAC4FB858} = {C1C8BD19-EF70-44E0-A9B4-E11BAC4FB858}
	EndProjectSection
EndProject
Project("{8BC9CEB8-8B4A-11D0-8D11-00A0C91BC942}") = "DeferredRenderer", "Applications\Tutorials\DeferredRenderer\DeferredRenderer.vcxproj", "{5DAFEE3B-FBBC-4E01-8FED-843C4BE7AF11}"
	ProjectSection(ProjectDependencies) = postProject
		{C1C8BD19-EF70-44E0-A9B4-E11BAC4FB858} = {C1C8BD19-EF70-44E0-A9B4-E11BAC4FB858}
	EndProjectSection
EndProject
Project("{8BC9CEB8-8B4A-11D0-8D11-00A0C91BC942}") = "TienTest", "Applications\TienTest\TienTest.vcxproj", "{7C964790-EAEF-4871-91AF-68AEC05C688E}"
	ProjectSection(ProjectDependencies) = postProject
		{C1C8BD19-EF70-44E0-A9B4-E11BAC4FB858} = {C1C8BD19-EF70-44E0-A9B4-E11BAC4FB858}
	EndProjectSection
EndProject
Project("{8BC9CEB8-8B4A-11D0-8D11-00A0C91BC942}") = "VirtualCell", "Applications\VirtualCell\VirtualCell.vcxproj", "{899B78D1-4A31-43E1-9B2F-A50650C3DC4F}"
	ProjectSection(ProjectDependencies) = postProject
		{C1C8BD19-EF70-44E0-A9B4-E11BAC4FB858} = {C1C8BD19-EF70-44E0-A9B4-E11BAC4FB858}
	EndProjectSection
EndProject
Project("{8BC9CEB8-8B4A-11D0-8D11-00A0C91BC942}") = "ChemicalStorage", "Applications\chemicalstorage\ChemicalStorage.vcxproj", "{A00AAD98-3081-496B-A1FD-15F8957F28CD}"
	ProjectSection(ProjectDependencies) = postProject
		{C1C8BD19-EF70-44E0-A9B4-E11BAC4FB858} = {C1C8BD19-EF70-44E0-A9B4-E11BAC4FB858}
	EndProjectSection
EndProject
Project("{8BC9CEB8-8B4A-11D0-8D11-00A0C91BC942}") = "3DEngine", "Applications\3dengine\3DEngine.vcxproj", "{DC176C79-130D-4A75-A996-985041182B65}"
	ProjectSection(ProjectDependencies) = postProject
		{C1C8BD19-EF70-44E0-A9B4-E11BAC4FB858} = {C1C8BD19-EF70-44E0-A9B4-E11BAC4FB858}
	EndProjectSection
EndProject
Project("{2150E333-8FDC-42A3-9474-1A3956D46DE8}") = "Demos", "Demos", "{35B9C100-7203-495D-BF91-619AF27F698E}"
EndProject
Project("{2150E333-8FDC-42A3-9474-1A3956D46DE8}") = "Projects", "Projects", "{3CF58B01-824F-4D2D-AA83-C6ADB9FAAC32}"
EndProject
Project("{8BC9CEB8-8B4A-11D0-8D11-00A0C91BC942}") = "PanoramaViewer", "Applications\PanoramaViewer\PanoramaViewer.vcxproj", "{91AF5288-7E22-4A11-967E-F26CDD0B6493}"
EndProject
Project("{8BC9CEB8-8B4A-11D0-8D11-00A0C91BC942}") = "NetworkEngine", "Applications\NetworkEngine\NetworkEngine.vcxproj", "{3A1F63D5-CEDA-4408-88A3-9B5369DF8566}"
	ProjectSection(ProjectDependencies) = postProject
		{C1C8BD19-EF70-44E0-A9B4-E11BAC4FB858} = {C1C8BD19-EF70-44E0-A9B4-E11BAC4FB858}
		{CA560089-F243-4A8D-9371-DDC350F0AA54} = {CA560089-F243-4A8D-9371-DDC350F0AA54}
	EndProjectSection
EndProject
Global
	GlobalSection(SolutionConfigurationPlatforms) = preSolution
		Debug|Win32 = Debug|Win32
		Debug|x64 = Debug|x64
		Release|Win32 = Release|Win32
		Release|x64 = Release|x64
	EndGlobalSection
	GlobalSection(ProjectConfigurationPlatforms) = postSolution
		{C1C8BD19-EF70-44E0-A9B4-E11BAC4FB858}.Debug|Win32.ActiveCfg = Debug|Win32
		{C1C8BD19-EF70-44E0-A9B4-E11BAC4FB858}.Debug|Win32.Build.0 = Debug|Win32
		{C1C8BD19-EF70-44E0-A9B4-E11BAC4FB858}.Debug|x64.ActiveCfg = Debug|Win32
		{C1C8BD19-EF70-44E0-A9B4-E11BAC4FB858}.Release|Win32.ActiveCfg = Release|Win32
		{C1C8BD19-EF70-44E0-A9B4-E11BAC4FB858}.Release|Win32.Build.0 = Release|Win32
		{C1C8BD19-EF70-44E0-A9B4-E11BAC4FB858}.Release|x64.ActiveCfg = Release|Win32
		{86C77F38-FE5D-4DAA-ABC5-B157AD41C3CD}.Debug|Win32.ActiveCfg = Debug|Win32
		{86C77F38-FE5D-4DAA-ABC5-B157AD41C3CD}.Debug|Win32.Build.0 = Debug|Win32
		{86C77F38-FE5D-4DAA-ABC5-B157AD41C3CD}.Debug|x64.ActiveCfg = Debug|Win32
		{86C77F38-FE5D-4DAA-ABC5-B157AD41C3CD}.Release|Win32.ActiveCfg = Release|Win32
		{86C77F38-FE5D-4DAA-ABC5-B157AD41C3CD}.Release|Win32.Build.0 = Release|Win32
		{86C77F38-FE5D-4DAA-ABC5-B157AD41C3CD}.Release|x64.ActiveCfg = Release|Win32
		{CA560089-F243-4A8D-9371-DDC350F0AA54}.Debug|Win32.ActiveCfg = Debug|Win32
		{CA560089-F243-4A8D-9371-DDC350F0AA54}.Debug|Win32.Build.0 = Debug|Win32
		{CA560089-F243-4A8D-9371-DDC350F0AA54}.Debug|x64.ActiveCfg = Debug|Win32
		{CA560089-F243-4A8D-9371-DDC350F0AA54}.Release|Win32.ActiveCfg = Release|Win32
		{CA560089-F243-4A8D-9371-DDC350F0AA54}.Release|Win32.Build.0 = Release|Win32
		{CA560089-F243-4A8D-9371-DDC350F0AA54}.Release|x64.ActiveCfg = Release|Win32
		{20F4C5F8-5FAB-4F18-AC71-51F8C0B49328}.Debug|Win32.ActiveCfg = Debug|Win32
		{20F4C5F8-5FAB-4F18-AC71-51F8C0B49328}.Debug|Win32.Build.0 = Debug|Win32
		{20F4C5F8-5FAB-4F18-AC71-51F8C0B49328}.Debug|x64.ActiveCfg = Debug|Win32
		{20F4C5F8-5FAB-4F18-AC71-51F8C0B49328}.Release|Win32.ActiveCfg = Release|Win32
		{20F4C5F8-5FAB-4F18-AC71-51F8C0B49328}.Release|Win32.Build.0 = Release|Win32
		{20F4C5F8-5FAB-4F18-AC71-51F8C0B49328}.Release|x64.ActiveCfg = Release|Win32
		{A8FBD58E-1CB6-42BD-AAD8-43584034B9D6}.Debug|Win32.ActiveCfg = Debug|Any CPU
		{A8FBD58E-1CB6-42BD-AAD8-43584034B9D6}.Debug|Win32.Build.0 = Debug|Any CPU
		{A8FBD58E-1CB6-42BD-AAD8-43584034B9D6}.Debug|x64.ActiveCfg = Debug|Any CPU
		{A8FBD58E-1CB6-42BD-AAD8-43584034B9D6}.Debug|x64.Build.0 = Debug|Any CPU
		{A8FBD58E-1CB6-42BD-AAD8-43584034B9D6}.Release|Win32.ActiveCfg = Release|Any CPU
		{A8FBD58E-1CB6-42BD-AAD8-43584034B9D6}.Release|Win32.Build.0 = Release|Any CPU
		{A8FBD58E-1CB6-42BD-AAD8-43584034B9D6}.Release|x64.ActiveCfg = Release|Any CPU
		{A8FBD58E-1CB6-42BD-AAD8-43584034B9D6}.Release|x64.Build.0 = Release|Any CPU
		{77FC0951-974F-4967-B473-DD47405EB406}.Debug|Win32.ActiveCfg = Debug|Win32
		{77FC0951-974F-4967-B473-DD47405EB406}.Debug|Win32.Build.0 = Debug|Win32
		{77FC0951-974F-4967-B473-DD47405EB406}.Debug|x64.ActiveCfg = Debug|Win32
		{77FC0951-974F-4967-B473-DD47405EB406}.Release|Win32.ActiveCfg = Release|Win32
		{77FC0951-974F-4967-B473-DD47405EB406}.Release|Win32.Build.0 = Release|Win32
		{77FC0951-974F-4967-B473-DD47405EB406}.Release|x64.ActiveCfg = Release|Win32
		{32936C6A-CE8B-4BFE-AAA0-F001E71124F9}.Debug|Win32.ActiveCfg = Debug|Win32
		{32936C6A-CE8B-4BFE-AAA0-F001E71124F9}.Debug|Win32.Build.0 = Debug|Win32
		{32936C6A-CE8B-4BFE-AAA0-F001E71124F9}.Debug|x64.ActiveCfg = Debug|Win32
		{32936C6A-CE8B-4BFE-AAA0-F001E71124F9}.Release|Win32.ActiveCfg = Release|Win32
		{32936C6A-CE8B-4BFE-AAA0-F001E71124F9}.Release|Win32.Build.0 = Release|Win32
		{32936C6A-CE8B-4BFE-AAA0-F001E71124F9}.Release|x64.ActiveCfg = Release|Win32
		{91F5E20B-45D3-4A00-8C3B-6640CD4E0C01}.Debug|Win32.ActiveCfg = Debug|Win32
		{91F5E20B-45D3-4A00-8C3B-6640CD4E0C01}.Debug|Win32.Build.0 = Debug|Win32
		{91F5E20B-45D3-4A00-8C3B-6640CD4E0C01}.Debug|x64.ActiveCfg = Debug|Win32
		{91F5E20B-45D3-4A00-8C3B-6640CD4E0C01}.Release|Win32.ActiveCfg = Release|Win32
		{91F5E20B-45D3-4A00-8C3B-6640CD4E0C01}.Release|Win32.Build.0 = Release|Win32
		{91F5E20B-45D3-4A00-8C3B-6640CD4E0C01}.Release|x64.ActiveCfg = Release|Win32
		{3A6D6DC6-1D1B-49A0-B8F8-91B6BB601B82}.Debug|Win32.ActiveCfg = Debug|Win32
		{3A6D6DC6-1D1B-49A0-B8F8-91B6BB601B82}.Debug|Win32.Build.0 = Debug|Win32
		{3A6D6DC6-1D1B-49A0-B8F8-91B6BB601B82}.Debug|x64.ActiveCfg = Debug|Win32
		{3A6D6DC6-1D1B-49A0-B8F8-91B6BB601B82}.Release|Win32.ActiveCfg = Release|Win32
		{3A6D6DC6-1D1B-49A0-B8F8-91B6BB601B82}.Release|Win32.Build.0 = Release|Win32
		{3A6D6DC6-1D1B-49A0-B8F8-91B6BB601B82}.Release|x64.ActiveCfg = Release|Win32
		{14FF4B77-34B2-46E2-BC60-17109950AA99}.Debug|Win32.ActiveCfg = Debug|Any CPU
		{14FF4B77-34B2-46E2-BC60-17109950AA99}.Debug|Win32.Build.0 = Debug|Any CPU
		{14FF4B77-34B2-46E2-BC60-17109950AA99}.Debug|x64.ActiveCfg = Debug|Any CPU
		{14FF4B77-34B2-46E2-BC60-17109950AA99}.Debug|x64.Build.0 = Debug|Any CPU
		{14FF4B77-34B2-46E2-BC60-17109950AA99}.Release|Win32.ActiveCfg = Release|Any CPU
		{14FF4B77-34B2-46E2-BC60-17109950AA99}.Release|Win32.Build.0 = Release|Any CPU
		{14FF4B77-34B2-46E2-BC60-17109950AA99}.Release|x64.ActiveCfg = Release|Any CPU
		{14FF4B77-34B2-46E2-BC60-17109950AA99}.Release|x64.Build.0 = Release|Any CPU
		{AD426918-927F-427D-B618-02CF5BD4A200}.Debug|Win32.ActiveCfg = Debug|Any CPU
		{AD426918-927F-427D-B618-02CF5BD4A200}.Debug|Win32.Build.0 = Debug|Any CPU
		{AD426918-927F-427D-B618-02CF5BD4A200}.Debug|x64.ActiveCfg = Debug|Any CPU
		{AD426918-927F-427D-B618-02CF5BD4A200}.Debug|x64.Build.0 = Debug|Any CPU
		{AD426918-927F-427D-B618-02CF5BD4A200}.Release|Win32.ActiveCfg = Release|Any CPU
		{AD426918-927F-427D-B618-02CF5BD4A200}.Release|Win32.Build.0 = Release|Any CPU
		{AD426918-927F-427D-B618-02CF5BD4A200}.Release|x64.ActiveCfg = Release|Any CPU
		{AD426918-927F-427D-B618-02CF5BD4A200}.Release|x64.Build.0 = Release|Any CPU
		{ECBEA353-1A79-4826-8878-37774AADFC28}.Debug|Win32.ActiveCfg = Debug|Win32
		{ECBEA353-1A79-4826-8878-37774AADFC28}.Debug|Win32.Build.0 = Debug|Win32
		{ECBEA353-1A79-4826-8878-37774AADFC28}.Debug|x64.ActiveCfg = Debug|Win32
		{ECBEA353-1A79-4826-8878-37774AADFC28}.Release|Win32.ActiveCfg = Release|Win32
		{ECBEA353-1A79-4826-8878-37774AADFC28}.Release|Win32.Build.0 = Release|Win32
		{ECBEA353-1A79-4826-8878-37774AADFC28}.Release|x64.ActiveCfg = Release|Win32
		{4AAB0880-CA2F-4070-9173-4BCC911C343C}.Debug|Win32.ActiveCfg = Debug|Win32
		{4AAB0880-CA2F-4070-9173-4BCC911C343C}.Debug|Win32.Build.0 = Debug|Win32
		{4AAB0880-CA2F-4070-9173-4BCC911C343C}.Debug|x64.ActiveCfg = Debug|Win32
		{4AAB0880-CA2F-4070-9173-4BCC911C343C}.Release|Win32.ActiveCfg = Release|Win32
		{4AAB0880-CA2F-4070-9173-4BCC911C343C}.Release|Win32.Build.0 = Release|Win32
		{4AAB0880-CA2F-4070-9173-4BCC911C343C}.Release|x64.ActiveCfg = Release|Win32
		{E5A3CAFD-3419-4FC8-A27E-D97B572AC1D5}.Debug|Win32.ActiveCfg = Debug|Win32
		{E5A3CAFD-3419-4FC8-A27E-D97B572AC1D5}.Debug|Win32.Build.0 = Debug|Win32
		{E5A3CAFD-3419-4FC8-A27E-D97B572AC1D5}.Debug|x64.ActiveCfg = Debug|Win32
		{E5A3CAFD-3419-4FC8-A27E-D97B572AC1D5}.Release|Win32.ActiveCfg = Release|Win32
		{E5A3CAFD-3419-4FC8-A27E-D97B572AC1D5}.Release|Win32.Build.0 = Release|Win32
		{E5A3CAFD-3419-4FC8-A27E-D97B572AC1D5}.Release|x64.ActiveCfg = Release|Win32
		{2EB65B23-5917-4A19-9E4D-0B3AD318008E}.Debug|Win32.ActiveCfg = Debug|Win32
		{2EB65B23-5917-4A19-9E4D-0B3AD318008E}.Debug|Win32.Build.0 = Debug|Win32
		{2EB65B23-5917-4A19-9E4D-0B3AD318008E}.Debug|x64.ActiveCfg = Debug|Win32
		{2EB65B23-5917-4A19-9E4D-0B3AD318008E}.Release|Win32.ActiveCfg = Release|Win32
		{2EB65B23-5917-4A19-9E4D-0B3AD318008E}.Release|Win32.Build.0 = Release|Win32
		{2EB65B23-5917-4A19-9E4D-0B3AD318008E}.Release|x64.ActiveCfg = Release|Win32
		{230E6E91-8228-4496-BA3B-4DFFDA4B4410}.Debug|Win32.ActiveCfg = Debug|Win32
		{230E6E91-8228-4496-BA3B-4DFFDA4B4410}.Debug|Win32.Build.0 = Debug|Win32
		{230E6E91-8228-4496-BA3B-4DFFDA4B4410}.Debug|x64.ActiveCfg = Debug|Win32
		{230E6E91-8228-4496-BA3B-4DFFDA4B4410}.Release|Win32.ActiveCfg = Release|Win32
		{230E6E91-8228-4496-BA3B-4DFFDA4B4410}.Release|Win32.Build.0 = Release|Win32
		{230E6E91-8228-4496-BA3B-4DFFDA4B4410}.Release|x64.ActiveCfg = Release|Win32
		{849272FD-1296-4758-8EF5-B3EF7E440BB5}.Debug|Win32.ActiveCfg = Debug|Win32
		{849272FD-1296-4758-8EF5-B3EF7E440BB5}.Debug|Win32.Build.0 = Debug|Win32
		{849272FD-1296-4758-8EF5-B3EF7E440BB5}.Debug|x64.ActiveCfg = Debug|Win32
		{849272FD-1296-4758-8EF5-B3EF7E440BB5}.Release|Win32.ActiveCfg = Release|Win32
		{849272FD-1296-4758-8EF5-B3EF7E440BB5}.Release|Win32.Build.0 = Release|Win32
		{849272FD-1296-4758-8EF5-B3EF7E440BB5}.Release|x64.ActiveCfg = Release|Win32
		{3CEB042E-11ED-42A0-BCBA-56CDA3FD2756}.Debug|Win32.ActiveCfg = Debug|Win32
		{3CEB042E-11ED-42A0-BCBA-56CDA3FD2756}.Debug|Win32.Build.0 = Debug|Win32
		{3CEB042E-11ED-42A0-BCBA-56CDA3FD2756}.Debug|x64.ActiveCfg = Debug|Win32
		{3CEB042E-11ED-42A0-BCBA-56CDA3FD2756}.Release|Win32.ActiveCfg = Release|Win32
		{3CEB042E-11ED-42A0-BCBA-56CDA3FD2756}.Release|Win32.Build.0 = Release|Win32
		{3CEB042E-11ED-42A0-BCBA-56CDA3FD2756}.Release|x64.ActiveCfg = Release|Win32
		{5DAFEE3B-FBBC-4E01-8FED-843C4BE7AF11}.Debug|Win32.ActiveCfg = Debug|Win32
		{5DAFEE3B-FBBC-4E01-8FED-843C4BE7AF11}.Debug|Win32.Build.0 = Debug|Win32
		{5DAFEE3B-FBBC-4E01-8FED-843C4BE7AF11}.Debug|x64.ActiveCfg = Debug|Win32
		{5DAFEE3B-FBBC-4E01-8FED-843C4BE7AF11}.Release|Win32.ActiveCfg = Release|Win32
		{5DAFEE3B-FBBC-4E01-8FED-843C4BE7AF11}.Release|Win32.Build.0 = Release|Win32
		{5DAFEE3B-FBBC-4E01-8FED-843C4BE7AF11}.Release|x64.ActiveCfg = Release|Win32
		{7C964790-EAEF-4871-91AF-68AEC05C688E}.Debug|Win32.ActiveCfg = Debug|Win32
		{7C964790-EAEF-4871-91AF-68AEC05C688E}.Debug|Win32.Build.0 = Debug|Win32
		{7C964790-EAEF-4871-91AF-68AEC05C688E}.Debug|x64.ActiveCfg = Debug|Win32
		{7C964790-EAEF-4871-91AF-68AEC05C688E}.Release|Win32.ActiveCfg = Release|Win32
		{7C964790-EAEF-4871-91AF-68AEC05C688E}.Release|Win32.Build.0 = Release|Win32
		{7C964790-EAEF-4871-91AF-68AEC05C688E}.Release|x64.ActiveCfg = Release|Win32
		{899B78D1-4A31-43E1-9B2F-A50650C3DC4F}.Debug|Win32.ActiveCfg = Debug|Win32
		{899B78D1-4A31-43E1-9B2F-A50650C3DC4F}.Debug|Win32.Build.0 = Debug|Win32
		{899B78D1-4A31-43E1-9B2F-A50650C3DC4F}.Debug|x64.ActiveCfg = Debug|Win32
		{899B78D1-4A31-43E1-9B2F-A50650C3DC4F}.Release|Win32.ActiveCfg = Release|Win32
		{899B78D1-4A31-43E1-9B2F-A50650C3DC4F}.Release|Win32.Build.0 = Release|Win32
		{899B78D1-4A31-43E1-9B2F-A50650C3DC4F}.Release|x64.ActiveCfg = Release|Win32
		{A00AAD98-3081-496B-A1FD-15F8957F28CD}.Debug|Win32.ActiveCfg = Debug|Win32
		{A00AAD98-3081-496B-A1FD-15F8957F28CD}.Debug|Win32.Build.0 = Debug|Win32
		{A00AAD98-3081-496B-A1FD-15F8957F28CD}.Debug|x64.ActiveCfg = Debug|Win32
		{A00AAD98-3081-496B-A1FD-15F8957F28CD}.Release|Win32.ActiveCfg = Release|Win32
		{A00AAD98-3081-496B-A1FD-15F8957F28CD}.Release|Win32.Build.0 = Release|Win32
		{A00AAD98-3081-496B-A1FD-15F8957F28CD}.Release|x64.ActiveCfg = Release|Win32
		{DC176C79-130D-4A75-A996-985041182B65}.Debug|Win32.ActiveCfg = Debug|Win32
		{DC176C79-130D-4A75-A996-985041182B65}.Debug|Win32.Build.0 = Debug|Win32
		{DC176C79-130D-4A75-A996-985041182B65}.Debug|x64.ActiveCfg = Debug|Win32
		{DC176C79-130D-4A75-A996-985041182B65}.Release|Win32.ActiveCfg = Release|Win32
		{DC176C79-130D-4A75-A996-985041182B65}.Release|Win32.Build.0 = Release|Win32
		{DC176C79-130D-4A75-A996-985041182B65}.Release|x64.ActiveCfg = Release|Win32
		{91AF5288-7E22-4A11-967E-F26CDD0B6493}.Debug|Win32.ActiveCfg = Debug|Win32
		{91AF5288-7E22-4A11-967E-F26CDD0B6493}.Debug|Win32.Build.0 = Debug|Win32
		{91AF5288-7E22-4A11-967E-F26CDD0B6493}.Debug|x64.ActiveCfg = Debug|Win32
		{91AF5288-7E22-4A11-967E-F26CDD0B6493}.Release|Win32.ActiveCfg = Release|Win32
		{91AF5288-7E22-4A11-967E-F26CDD0B6493}.Release|Win32.Build.0 = Release|Win32
		{91AF5288-7E22-4A11-967E-F26CDD0B6493}.Release|x64.ActiveCfg = Release|Win32
		{3A1F63D5-CEDA-4408-88A3-9B5369DF8566}.Debug|Win32.ActiveCfg = Debug|Win32
		{3A1F63D5-CEDA-4408-88A3-9B5369DF8566}.Debug|Win32.Build.0 = Debug|Win32
		{3A1F63D5-CEDA-4408-88A3-9B5369DF8566}.Debug|x64.ActiveCfg = Debug|x64
		{3A1F63D5-CEDA-4408-88A3-9B5369DF8566}.Debug|x64.Build.0 = Debug|x64
		{3A1F63D5-CEDA-4408-88A3-9B5369DF8566}.Release|Win32.ActiveCfg = Release|Win32
		{3A1F63D5-CEDA-4408-88A3-9B5369DF8566}.Release|Win32.Build.0 = Release|Win32
		{3A1F63D5-CEDA-4408-88A3-9B5369DF8566}.Release|x64.ActiveCfg = Release|x64
		{3A1F63D5-CEDA-4408-88A3-9B5369DF8566}.Release|x64.Build.0 = Release|x64
	EndGlobalSection
	GlobalSection(SolutionProperties) = preSolution
		HideSolutionNode = FALSE
	EndGlobalSection
	GlobalSection(NestedProjects) = preSolution
		{C1C8BD19-EF70-44E0-A9B4-E11BAC4FB858} = {35F31874-6217-437D-9209-9FC783136E32}
		{86C77F38-FE5D-4DAA-ABC5-B157AD41C3CD} = {35B9C100-7203-495D-BF91-619AF27F698E}
		{CA560089-F243-4A8D-9371-DDC350F0AA54} = {35F31874-6217-437D-9209-9FC783136E32}
		{20F4C5F8-5FAB-4F18-AC71-51F8C0B49328} = {3CF58B01-824F-4D2D-AA83-C6ADB9FAAC32}
		{A8FBD58E-1CB6-42BD-AAD8-43584034B9D6} = {42FCCA53-AC8C-42CC-BF55-A3BFA5F06531}
		{77FC0951-974F-4967-B473-DD47405EB406} = {3CF58B01-824F-4D2D-AA83-C6ADB9FAAC32}
		{32936C6A-CE8B-4BFE-AAA0-F001E71124F9} = {3CF58B01-824F-4D2D-AA83-C6ADB9FAAC32}
		{91F5E20B-45D3-4A00-8C3B-6640CD4E0C01} = {35B9C100-7203-495D-BF91-619AF27F698E}
		{3A6D6DC6-1D1B-49A0-B8F8-91B6BB601B82} = {35B9C100-7203-495D-BF91-619AF27F698E}
		{14FF4B77-34B2-46E2-BC60-17109950AA99} = {42FCCA53-AC8C-42CC-BF55-A3BFA5F06531}
		{AD426918-927F-427D-B618-02CF5BD4A200} = {42FCCA53-AC8C-42CC-BF55-A3BFA5F06531}
		{C063ECFE-700A-4E5D-90CF-E138D4DE6084} = {3F01A017-F950-4285-9925-EAE9A90054F4}
		{ECBEA353-1A79-4826-8878-37774AADFC28} = {C063ECFE-700A-4E5D-90CF-E138D4DE6084}
		{4AAB0880-CA2F-4070-9173-4BCC911C343C} = {C063ECFE-700A-4E5D-90CF-E138D4DE6084}
		{E5A3CAFD-3419-4FC8-A27E-D97B572AC1D5} = {C063ECFE-700A-4E5D-90CF-E138D4DE6084}
		{2EB65B23-5917-4A19-9E4D-0B3AD318008E} = {C063ECFE-700A-4E5D-90CF-E138D4DE6084}
		{230E6E91-8228-4496-BA3B-4DFFDA4B4410} = {C063ECFE-700A-4E5D-90CF-E138D4DE6084}
		{849272FD-1296-4758-8EF5-B3EF7E440BB5} = {C063ECFE-700A-4E5D-90CF-E138D4DE6084}
		{3CEB042E-11ED-42A0-BCBA-56CDA3FD2756} = {C063ECFE-700A-4E5D-90CF-E138D4DE6084}
		{5DAFEE3B-FBBC-4E01-8FED-843C4BE7AF11} = {C063ECFE-700A-4E5D-90CF-E138D4DE6084}
		{7C964790-EAEF-4871-91AF-68AEC05C688E} = {35B9C100-7203-495D-BF91-619AF27F698E}
		{899B78D1-4A31-43E1-9B2F-A50650C3DC4F} = {3CF58B01-824F-4D2D-AA83-C6ADB9FAAC32}
		{A00AAD98-3081-496B-A1FD-15F8957F28CD} = {3CF58B01-824F-4D2D-AA83-C6ADB9FAAC32}
		{DC176C79-130D-4A75-A996-985041182B65} = {3CF58B01-824F-4D2D-AA83-C6ADB9FAAC32}
		{35B9C100-7203-495D-BF91-619AF27F698E} = {3F01A017-F950-4285-9925-EAE9A90054F4}
		{3CF58B01-824F-4D2D-AA83-C6ADB9FAAC32} = {3F01A017-F950-4285-9925-EAE9A90054F4}
		{91AF5288-7E22-4A11-967E-F26CDD0B6493} = {35B9C100-7203-495D-BF91-619AF27F698E}
		{3A1F63D5-CEDA-4408-88A3-9B5369DF8566} = {3CF58B01-824F-4D2D-AA83-C6ADB9FAAC32}
	EndGlobalSection
EndGlobal
