
Microsoft Visual Studio Solution File, Format Version 12.00
# Visual Studio 2013
VisualStudioVersion = 12.0.31101.0
MinimumVisualStudioVersion = 10.0.40219.1
Project("{2150E333-8FDC-42A3-9474-1A3956D46DE8}") = "Libraries", "Libraries", "{35F31874-6217-437D-9209-9FC783136E32}"
EndProject
Project("{8BC9CEB8-8B4A-11D0-8D11-00A0C91BC942}") = "VrLib", "Libraries\VrLib\VrLib.vcxproj", "{C1C8BD19-EF70-44E0-A9B4-E11BAC4FB858}"
EndProject
Project("{2150E333-8FDC-42A3-9474-1A3956D46DE8}") = "Applications", "Applications", "{3F01A017-F950-4285-9925-EAE9A90054F4}"
EndProject
Project("{8BC9CEB8-8B4A-11D0-8D11-00A0C91BC942}") = "VrDemos", "Applications\VrDemos\VrDemos.vcxproj", "{86C77F38-FE5D-4DAA-ABC5-B157AD41C3CD}"
	ProjectSection(ProjectDependencies) = postProject
		{C1C8BD19-EF70-44E0-A9B4-E11BAC4FB858} = {C1C8BD19-EF70-44E0-A9B4-E11BAC4FB858}
	EndProjectSection
EndProject
Global
	GlobalSection(SolutionConfigurationPlatforms) = preSolution
		Debug|Win32 = Debug|Win32
		Release|Win32 = Release|Win32
	EndGlobalSection
	GlobalSection(ProjectConfigurationPlatforms) = postSolution
		{C1C8BD19-EF70-44E0-A9B4-E11BAC4FB858}.Debug|Win32.ActiveCfg = Debug|Win32
		{C1C8BD19-EF70-44E0-A9B4-E11BAC4FB858}.Debug|Win32.Build.0 = Debug|Win32
		{C1C8BD19-EF70-44E0-A9B4-E11BAC4FB858}.Release|Win32.ActiveCfg = Release|Win32
		{C1C8BD19-EF70-44E0-A9B4-E11BAC4FB858}.Release|Win32.Build.0 = Release|Win32
		{86C77F38-FE5D-4DAA-ABC5-B157AD41C3CD}.Debug|Win32.ActiveCfg = Debug|Win32
		{86C77F38-FE5D-4DAA-ABC5-B157AD41C3CD}.Debug|Win32.Build.0 = Debug|Win32
		{86C77F38-FE5D-4DAA-ABC5-B157AD41C3CD}.Release|Win32.ActiveCfg = Release|Win32
		{86C77F38-FE5D-4DAA-ABC5-B157AD41C3CD}.Release|Win32.Build.0 = Release|Win32
	EndGlobalSection
	GlobalSection(SolutionProperties) = preSolution
		HideSolutionNode = FALSE
	EndGlobalSection
	GlobalSection(NestedProjects) = preSolution
		{C1C8BD19-EF70-44E0-A9B4-E11BAC4FB858} = {35F31874-6217-437D-9209-9FC783136E32}
		{86C77F38-FE5D-4DAA-ABC5-B157AD41C3CD} = {3F01A017-F950-4285-9925-EAE9A90054F4}
	EndGlobalSection
EndGlobal
